{
  "name": "jira-report-tui",
  "version": "1.0.7",
  "lockfileVersion": 3,
  "requires": true,
  "packages": {
    "": {
      "name": "jira-report-tui",
      "version": "1.0.7",
      "cpu": [
        "x64",
        "arm64"
      ],
      "hasInstallScript": true,
      "license": "MIT",
      "os": [
        "linux"
      ],
      "bin": {
        "jira-report": "bin/jira-report"
      },
      "engines": {
        "node": ">=14.0.0"
      }
    }
  }
}
